// !$*UTF8*$!
{
	archiveVersion = 1;
	classes = {
	};
	objectVersion = 56;
	objects = {

/* Begin PBXBuildFile section */
		AC417E9C2BE4CD0300F8ABD7 /* main.swift in Sources */ = {isa = PBXBuildFile; fileRef = AC417E9B2BE4CD0300F8ABD7 /* main.swift */; };
		AC417EA32BE4CD2500F8ABD7 /* task 1.swift in Sources */ = {isa = PBXBuildFile; fileRef = AC417EA22BE4CD2500F8ABD7 /* task 1.swift */; };
		AC417EA52BE4CD4200F8ABD7 /* task 2.swift in Sources */ = {isa = PBXBuildFile; fileRef = AC417EA42BE4CD4200F8ABD7 /* task 2.swift */; };
		AC417EA72BE4CD6C00F8ABD7 /* task 3.swift in Sources */ = {isa = PBXBuildFile; fileRef = AC417EA62BE4CD6C00F8ABD7 /* task 3.swift */; };
		AC417EA92BE4CD7800F8ABD7 /* task 4.swift in Sources */ = {isa = PBXBuildFile; fileRef = AC417EA82BE4CD7800F8ABD7 /* task 4.swift */; };
/* End PBXBuildFile section */

/* Begin PBXCopyFilesBuildPhase section */
		AC417E962BE4CD0300F8ABD7 /* CopyFiles */ = {
			isa = PBXCopyFilesBuildPhase;
			buildActionMask = 2147483647;
			dstPath = /usr/share/man/man1/;
			dstSubfolderSpec = 0;
			files = (
			);
			runOnlyForDeploymentPostprocessing = 1;
		};
/* End PBXCopyFilesBuildPhase section */

/* Begin PBXFileReference section */
		AC417E982BE4CD0300F8ABD7 /* hw_2_7 */ = {isa = PBXFileReference; explicitFileType = "compiled.mach-o.executable"; includeInIndex = 0; path = hw_2_7; sourceTree = BUILT_PRODUCTS_DIR; };
		AC417E9B2BE4CD0300F8ABD7 /* main.swift */ = {isa = PBXFileReference; lastKnownFileType = sourcecode.swift; path = main.swift; sourceTree = "<group>"; };
		AC417EA22BE4CD2500F8ABD7 /* task 1.swift */ = {isa = PBXFileReference; lastKnownFileType = sourcecode.swift; path = "task 1.swift"; sourceTree = "<group>"; };
		AC417EA42BE4CD4200F8ABD7 /* task 2.swift */ = {isa = PBXFileReference; lastKnownFileType = sourcecode.swift; path = "task 2.swift"; sourceTree = "<group>"; };
		AC417EA62BE4CD6C00F8ABD7 /* task 3.swift */ = {isa = PBXFileReference; lastKnownFileType = sourcecode.swift; path = "task 3.swift"; sourceTree = "<group>"; };
		AC417EA82BE4CD7800F8ABD7 /* task 4.swift */ = {isa = PBXFileReference; lastKnownFileType = sourcecode.swift; path = "task 4.swift"; sourceTree = "<group>"; };
/* End PBXFileReference section */

/* Begin PBXFrameworksBuildPhase section */
		AC417E952BE4CD0300F8ABD7 /* Frameworks */ = {
			isa = PBXFrameworksBuildPhase;
			buildActionMask = 2147483647;
			files = (
			);
			runOnlyForDeploymentPostprocessing = 0;
		};
/* End PBXFrameworksBuildPhase section */

/* Begin PBXGroup section */
		AC417E8F2BE4CD0300F8ABD7 = {
			isa = PBXGroup;
			children = (
				AC417E9A2BE4CD0300F8ABD7 /* hw_2_7 */,
				AC417E992BE4CD0300F8ABD7 /* Products */,
			);
			sourceTree = "<group>";
		};
		AC417E992BE4CD0300F8ABD7 /* Products */ = {
			isa = PBXGroup;
			children = (
				AC417E982BE4CD0300F8ABD7 /* hw_2_7 */,
			);
			name = Products;
			sourceTree = "<group>";
		};
		AC417E9A2BE4CD0300F8ABD7 /* hw_2_7 */ = {
			isa = PBXGroup;
			children = (
				AC417E9B2BE4CD0300F8ABD7 /* main.swift */,
				AC417EA22BE4CD2500F8ABD7 /* task 1.swift */,
				AC417EA42BE4CD4200F8ABD7 /* task 2.swift */,
				AC417EA62BE4CD6C00F8ABD7 /* task 3.swift */,
				AC417EA82BE4CD7800F8ABD7 /* task 4.swift */,
			);
			path = hw_2_7;
			sourceTree = "<group>";
		};
/* End PBXGroup section */

/* Begin PBXNativeTarget section */
		AC417E972BE4CD0300F8ABD7 /* hw_2_7 */ = {
			isa = PBXNativeTarget;
			buildConfigurationList = AC417E9F2BE4CD0300F8ABD7 /* Build configuration list for PBXNativeTarget "hw_2_7" */;
			buildPhases = (
				AC417E942BE4CD0300F8ABD7 /* Sources */,
				AC417E952BE4CD0300F8ABD7 /* Frameworks */,
				AC417E962BE4CD0300F8ABD7 /* CopyFiles */,
			);
			buildRules = (
			);
			dependencies = (
			);
			name = hw_2_7;
			productName = hw_2_7;
			productReference = AC417E982BE4CD0300F8ABD7 /* hw_2_7 */;
			productType = "com.apple.product-type.tool";
		};
/* End PBXNativeTarget section */

/* Begin PBXProject section */
		AC417E902BE4CD0300F8ABD7 /* Project object */ = {
			isa = PBXProject;
			attributes = {
				BuildIndependentTargetsInParallel = 1;
				LastSwiftUpdateCheck = 1530;
				LastUpgradeCheck = 1530;
				TargetAttributes = {
					AC417E972BE4CD0300F8ABD7 = {
						CreatedOnToolsVersion = 15.3;
					};
				};
			};
			buildConfigurationList = AC417E932BE4CD0300F8ABD7 /* Build configuration list for PBXProject "hw_2_7" */;
			compatibilityVersion = "Xcode 14.0";
			developmentRegion = en;
			hasScannedForEncodings = 0;
			knownRegions = (
				en,
				Base,
			);
			mainGroup = AC417E8F2BE4CD0300F8ABD7;
			productRefGroup = AC417E992BE4CD0300F8ABD7 /* Products */;
			projectDirPath = "";
			projectRoot = "";
			targets = (
				AC417E972BE4CD0300F8ABD7 /* hw_2_7 */,
			);
		};
/* End PBXProject section */

/* Begin PBXSourcesBuildPhase section */
		AC417E942BE4CD0300F8ABD7 /* Sources */ = {
			isa = PBXSourcesBuildPhase;
			buildActionMask = 2147483647;
			files = (
				AC417E9C2BE4CD0300F8ABD7 /* main.swift in Sources */,
				AC417EA92BE4CD7800F8ABD7 /* task 4.swift in Sources */,
				AC417EA72BE4CD6C00F8ABD7 /* task 3.swift in Sources */,
				AC417EA32BE4CD2500F8ABD7 /* task 1.swift in Sources */,
				AC417EA52BE4CD4200F8ABD7 /* task 2.swift in Sources */,
			);
			runOnlyForDeploymentPostprocessing = 0;
		};
/* End PBXSourcesBuildPhase section */

/* Begin XCBuildConfiguration section */
		AC417E9D2BE4CD0300F8ABD7 /* Debug */ = {
			isa = XCBuildConfiguration;
			buildSettings = {
				ALWAYS_SEARCH_USER_PATHS = NO;
				ASSETCATALOG_COMPILER_GENERATE_SWIFT_ASSET_SYMBOL_EXTENSIONS = YES;
				CLANG_ANALYZER_NONNULL = YES;
				CLANG_ANALYZER_NUMBER_OBJECT_CONVERSION = YES_AGGRESSIVE;
				CLANG_CXX_LANGUAGE_STANDARD = "gnu++20";
				CLANG_ENABLE_MODULES = YES;
				CLANG_ENABLE_OBJC_ARC = YES;
				CLANG_ENABLE_OBJC_WEAK = YES;
				CLANG_WARN_BLOCK_CAPTURE_AUTORELEASING = YES;
				CLANG_WARN_BOOL_CONVERSION = YES;
				CLANG_WARN_COMMA = YES;
				CLANG_WARN_CONSTANT_CONVERSION = YES;
				CLANG_WARN_DEPRECATED_OBJC_IMPLEMENTATIONS = YES;
				CLANG_WARN_DIRECT_OBJC_ISA_USAGE = YES_ERROR;
				CLANG_WARN_DOCUMENTATION_COMMENTS = YES;
				CLANG_WARN_EMPTY_BODY = YES;
				CLANG_WARN_ENUM_CONVERSION = YES;
				CLANG_WARN_INFINITE_RECURSION = YES;
				CLANG_WARN_INT_CONVERSION = YES;
				CLANG_WARN_NON_LITERAL_NULL_CONVERSION = YES;
				CLANG_WARN_OBJC_IMPLICIT_RETAIN_SELF = YES;
				CLANG_WARN_OBJC_LITERAL_CONVERSION = YES;
				CLANG_WARN_OBJC_ROOT_CLASS = YES_ERROR;
				CLANG_WARN_QUOTED_INCLUDE_IN_FRAMEWORK_HEADER = YES;
				CLANG_WARN_RANGE_LOOP_ANALYSIS = YES;
				CLANG_WARN_STRICT_PROTOTYPES = YES;
				CLANG_WARN_SUSPICIOUS_MOVE = YES;
				CLANG_WARN_UNGUARDED_AVAILABILITY = YES_AGGRESSIVE;
				CLANG_WARN_UNREACHABLE_CODE = YES;
				CLANG_WARN__DUPLICATE_METHOD_MATCH = YES;
				COPY_PHASE_STRIP = NO;
				DEBUG_INFORMATION_FORMAT = dwarf;
				ENABLE_STRICT_OBJC_MSGSEND = YES;
				ENABLE_TESTABILITY = YES;
				ENABLE_USER_SCRIPT_SANDBOXING = YES;
				GCC_C_LANGUAGE_STANDARD = gnu17;
				GCC_DYNAMIC_NO_PIC = NO;
				GCC_NO_COMMON_BLOCKS = YES;
				GCC_OPTIMIZATION_LEVEL = 0;
				GCC_PREPROCESSOR_DEFINITIONS = (
					"DEBUG=1",
					"$(inherited)",
				);
				GCC_WARN_64_TO_32_BIT_CONVERSION = YES;
				GCC_WARN_ABOUT_RETURN_TYPE = YES_ERROR;
				GCC_WARN_UNDECLARED_SELECTOR = YES;
				GCC_WARN_UNINITIALIZED_AUTOS = YES_AGGRESSIVE;
				GCC_WARN_UNUSED_FUNCTION = YES;
				GCC_WARN_UNUSED_VARIABLE = YES;
				LOCALIZATION_PREFERS_STRING_CATALOGS = YES;
				MACOSX_DEPLOYMENT_TARGET = 14.4;
				MTL_ENABLE_DEBUG_INFO = INCLUDE_SOURCE;
				MTL_FAST_MATH = YES;
				ONLY_ACTIVE_ARCH = YES;
				SDKROOT = macosx;
				SWIFT_ACTIVE_COMPILATION_CONDITIONS = "DEBUG $(inherited)";
				SWIFT_OPTIMIZATION_LEVEL = "-Onone";
			};
			name = Debug;
		};
		AC417E9E2BE4CD0300F8ABD7 /* Release */ = {
			isa = XCBuildConfiguration;
			buildSettings = {
				ALWAYS_SEARCH_USER_PATHS = NO;
				ASSETCATALOG_COMPILER_GENERATE_SWIFT_ASSET_SYMBOL_EXTENSIONS = YES;
				CLANG_ANALYZER_NONNULL = YES;
				CLANG_ANALYZER_NUMBER_OBJECT_CONVERSION = YES_AGGRESSIVE;
				CLANG_CXX_LANGUAGE_STANDARD = "gnu++20";
				CLANG_ENABLE_MODULES = YES;
				CLANG_ENABLE_OBJC_ARC = YES;
				CLANG_ENABLE_OBJC_WEAK = YES;
				CLANG_WARN_BLOCK_CAPTURE_AUTORELEASING = YES;
				CLANG_WARN_BOOL_CONVERSION = YES;
				CLANG_WARN_COMMA = YES;
				CLANG_WARN_CONSTANT_CONVERSION = YES;
				CLANG_WARN_DEPRECATED_OBJC_IMPLEMENTATIONS = YES;
				CLANG_WARN_DIRECT_OBJC_ISA_USAGE = YES_ERROR;
				CLANG_WARN_DOCUMENTATION_COMMENTS = YES;
				CLANG_WARN_EMPTY_BODY = YES;
				CLANG_WARN_ENUM_CONVERSION = YES;
				CLANG_WARN_INFINITE_RECURSION = YES;
				CLANG_WARN_INT_CONVERSION = YES;
				CLANG_WARN_NON_LITERAL_NULL_CONVERSION = YES;
				CLANG_WARN_OBJC_IMPLICIT_RETAIN_SELF = YES;
				CLANG_WARN_OBJC_LITERAL_CONVERSION = YES;
				CLANG_WARN_OBJC_ROOT_CLASS = YES_ERROR;
				CLANG_WARN_QUOTED_INCLUDE_IN_FRAMEWORK_HEADER = YES;
				CLANG_WARN_RANGE_LOOP_ANALYSIS = YES;
				CLANG_WARN_STRICT_PROTOTYPES = YES;
				CLANG_WARN_SUSPICIOUS_MOVE = YES;
				CLANG_WARN_UNGUARDED_AVAILABILITY = YES_AGGRESSIVE;
				CLANG_WARN_UNREACHABLE_CODE = YES;
				CLANG_WARN__DUPLICATE_METHOD_MATCH = YES;
				COPY_PHASE_STRIP = NO;
				DEBUG_INFORMATION_FORMAT = "dwarf-with-dsym";
				ENABLE_NS_ASSERTIONS = NO;
				ENABLE_STRICT_OBJC_MSGSEND = YES;
				ENABLE_USER_SCRIPT_SANDBOXING = YES;
				GCC_C_LANGUAGE_STANDARD = gnu17;
				GCC_NO_COMMON_BLOCKS = YES;
				GCC_WARN_64_TO_32_BIT_CONVERSION = YES;
				GCC_WARN_ABOUT_RETURN_TYPE = YES_ERROR;
				GCC_WARN_UNDECLARED_SELECTOR = YES;
				GCC_WARN_UNINITIALIZED_AUTOS = YES_AGGRESSIVE;
				GCC_WARN_UNUSED_FUNCTION = YES;
				GCC_WARN_UNUSED_VARIABLE = YES;
				LOCALIZATION_PREFERS_STRING_CATALOGS = YES;
				MACOSX_DEPLOYMENT_TARGET = 14.4;
				MTL_ENABLE_DEBUG_INFO = NO;
				MTL_FAST_MATH = YES;
				SDKROOT = macosx;
				SWIFT_COMPILATION_MODE = wholemodule;
			};
			name = Release;
		};
		AC417EA02BE4CD0300F8ABD7 /* Debug */ = {
			isa = XCBuildConfiguration;
			buildSettings = {
				CODE_SIGN_STYLE = Automatic;
				PRODUCT_NAME = "$(TARGET_NAME)";
				SWIFT_VERSION = 5.0;
			};
			name = Debug;
		};
		AC417EA12BE4CD0300F8ABD7 /* Release */ = {
			isa = XCBuildConfiguration;
			buildSettings = {
				CODE_SIGN_STYLE = Automatic;
				PRODUCT_NAME = "$(TARGET_NAME)";
				SWIFT_VERSION = 5.0;
			};
			name = Release;
		};
/* End XCBuildConfiguration section */

/* Begin XCConfigurationList section */
		AC417E932BE4CD0300F8ABD7 /* Build configuration list for PBXProject "hw_2_7" */ = {
			isa = XCConfigurationList;
			buildConfigurations = (
				AC417E9D2BE4CD0300F8ABD7 /* Debug */,
				AC417E9E2BE4CD0300F8ABD7 /* Release */,
			);
			defaultConfigurationIsVisible = 0;
			defaultConfigurationName = Release;
		};
		AC417E9F2BE4CD0300F8ABD7 /* Build configuration list for PBXNativeTarget "hw_2_7" */ = {
			isa = XCConfigurationList;
			buildConfigurations = (
				AC417EA02BE4CD0300F8ABD7 /* Debug */,
				AC417EA12BE4CD0300F8ABD7 /* Release */,
			);
			defaultConfigurationIsVisible = 0;
			defaultConfigurationName = Release;
		};
/* End XCConfigurationList section */
	};
	rootObject = AC417E902BE4CD0300F8ABD7 /* Project object */;
}
